
Microsoft Visual Studio Solution File, Format Version 12.00
# Visual Studio 15
VisualStudioVersion = 15.0.28307.271
MinimumVisualStudioVersion = 10.0.40219.1
Project("{9A19103F-16F7-4668-BE54-9A1E7A4F7556}") = "XPGateway.Console", "XPGateway.Console\XPGateway.Console.csproj", "{34668EA1-6846-4DBE-9B8D-334634866CE7}"
EndProject
Project("{9A19103F-16F7-4668-BE54-9A1E7A4F7556}") = "XPGateway.Framework", "XPGateway.Framework\XPGateway.Framework.csproj", "{CCF1F002-7391-4114-8946-C8F9AEFC551C}"
EndProject
Project("{9A19103F-16F7-4668-BE54-9A1E7A4F7556}") = "XPGateway.Tests", "XPGateway.Tests\XPGateway.Tests.csproj", "{5BA31F29-F7E7-4E32-B35C-5D1CD6D55344}"
EndProject
Global
	GlobalSection(SolutionConfigurationPlatforms) = preSolution
		Debug|Any CPU = Debug|Any CPU
		Release|Any CPU = Release|Any CPU
	EndGlobalSection
	GlobalSection(ProjectConfigurationPlatforms) = postSolution
		{34668EA1-6846-4DBE-9B8D-334634866CE7}.Debug|Any CPU.ActiveCfg = Debug|Any CPU
		{34668EA1-6846-4DBE-9B8D-334634866CE7}.Debug|Any CPU.Build.0 = Debug|Any CPU
		{34668EA1-6846-4DBE-9B8D-334634866CE7}.Release|Any CPU.ActiveCfg = Release|Any CPU
		{34668EA1-6846-4DBE-9B8D-334634866CE7}.Release|Any CPU.Build.0 = Release|Any CPU
		{CCF1F002-7391-4114-8946-C8F9AEFC551C}.Debug|Any CPU.ActiveCfg = Debug|Any CPU
		{CCF1F002-7391-4114-8946-C8F9AEFC551C}.Debug|Any CPU.Build.0 = Debug|Any CPU
		{CCF1F002-7391-4114-8946-C8F9AEFC551C}.Release|Any CPU.ActiveCfg = Release|Any CPU
		{CCF1F002-7391-4114-8946-C8F9AEFC551C}.Release|Any CPU.Build.0 = Release|Any CPU
		{5BA31F29-F7E7-4E32-B35C-5D1CD6D55344}.Debug|Any CPU.ActiveCfg = Debug|Any CPU
		{5BA31F29-F7E7-4E32-B35C-5D1CD6D55344}.Debug|Any CPU.Build.0 = Debug|Any CPU
		{5BA31F29-F7E7-4E32-B35C-5D1CD6D55344}.Release|Any CPU.ActiveCfg = Release|Any CPU
		{5BA31F29-F7E7-4E32-B35C-5D1CD6D55344}.Release|Any CPU.Build.0 = Release|Any CPU
	EndGlobalSection
	GlobalSection(SolutionProperties) = preSolution
		HideSolutionNode = FALSE
	EndGlobalSection
	GlobalSection(ExtensibilityGlobals) = postSolution
		SolutionGuid = {E816EFFC-0987-4EF4-9AEF-9360E1AD650A}
	EndGlobalSection
EndGlobal
